schema: '2.0'
stages:
  download_dataset:
    cmd: uv run src/download_dataset.py home-credit-default-risk data/raw
    outs:
    - path: data/raw
      hash: md5
      md5: be145c3854454ad97fd16454f9aed966.dir
      size: 2684261617
      nfiles: 10
  train:
    cmd: uv run src/train.py
    deps:
    - path: data/raw/application_train.csv
      hash: md5
      md5: 793a017f41fbac1dc28176b26dbab30e
      size: 166133370
    outs:
    - path: metric.json
      hash: md5
      md5: f32998377bcbadba5219f6b14fae159a
      size: 225
    - path: models/pipelines_baseline.pickle
      hash: md5
      md5: e0dee639f58aaf553191ec01bf4b57c1
      size: 3434835
